
Microsoft Visual Studio Solution File, Format Version 12.00
# Visual Studio 15
VisualStudioVersion = 15.0.28307.852
MinimumVisualStudioVersion = 10.0.40219.1
Project("{9A19103F-16F7-4668-BE54-9A1E7A4F7556}") = "GraphMatchings.Console", "GraphMatchings.Console\GraphMatchings.Console.csproj", "{D8682CEB-3FDE-4460-A4BC-57873614C158}"
EndProject
Project("{9A19103F-16F7-4668-BE54-9A1E7A4F7556}") = "GraphMatchings.Core", "GraphMatchings.Core\GraphMatchings.Core.csproj", "{8360EA34-9B0F-4FD4-A90A-0BA310E0B3C3}"
EndProject
Project("{9A19103F-16F7-4668-BE54-9A1E7A4F7556}") = "GraphMatchings.Tester", "GraphMatchings.Tester\GraphMatchings.Tester.csproj", "{CF92E5C1-7A08-4F1E-9072-D50B9DC681EA}"
EndProject
Project("{9A19103F-16F7-4668-BE54-9A1E7A4F7556}") = "GraphMatchings.GraphsGenerator", "GraphMatchings.GraphsGenerator\GraphMatchings.GraphsGenerator.csproj", "{137476F4-90BF-4CEF-8A5F-FFC663AB316E}"
EndProject
Global
	GlobalSection(SolutionConfigurationPlatforms) = preSolution
		Debug|Any CPU = Debug|Any CPU
		Release|Any CPU = Release|Any CPU
	EndGlobalSection
	GlobalSection(ProjectConfigurationPlatforms) = postSolution
		{D8682CEB-3FDE-4460-A4BC-57873614C158}.Debug|Any CPU.ActiveCfg = Debug|Any CPU
		{D8682CEB-3FDE-4460-A4BC-57873614C158}.Debug|Any CPU.Build.0 = Debug|Any CPU
		{D8682CEB-3FDE-4460-A4BC-57873614C158}.Release|Any CPU.ActiveCfg = Release|Any CPU
		{D8682CEB-3FDE-4460-A4BC-57873614C158}.Release|Any CPU.Build.0 = Release|Any CPU
		{8360EA34-9B0F-4FD4-A90A-0BA310E0B3C3}.Debug|Any CPU.ActiveCfg = Debug|Any CPU
		{8360EA34-9B0F-4FD4-A90A-0BA310E0B3C3}.Debug|Any CPU.Build.0 = Debug|Any CPU
		{8360EA34-9B0F-4FD4-A90A-0BA310E0B3C3}.Release|Any CPU.ActiveCfg = Release|Any CPU
		{8360EA34-9B0F-4FD4-A90A-0BA310E0B3C3}.Release|Any CPU.Build.0 = Release|Any CPU
		{CF92E5C1-7A08-4F1E-9072-D50B9DC681EA}.Debug|Any CPU.ActiveCfg = Debug|Any CPU
		{CF92E5C1-7A08-4F1E-9072-D50B9DC681EA}.Debug|Any CPU.Build.0 = Debug|Any CPU
		{CF92E5C1-7A08-4F1E-9072-D50B9DC681EA}.Release|Any CPU.ActiveCfg = Release|Any CPU
		{CF92E5C1-7A08-4F1E-9072-D50B9DC681EA}.Release|Any CPU.Build.0 = Release|Any CPU
		{137476F4-90BF-4CEF-8A5F-FFC663AB316E}.Debug|Any CPU.ActiveCfg = Debug|Any CPU
		{137476F4-90BF-4CEF-8A5F-FFC663AB316E}.Debug|Any CPU.Build.0 = Debug|Any CPU
		{137476F4-90BF-4CEF-8A5F-FFC663AB316E}.Release|Any CPU.ActiveCfg = Release|Any CPU
		{137476F4-90BF-4CEF-8A5F-FFC663AB316E}.Release|Any CPU.Build.0 = Release|Any CPU
	EndGlobalSection
	GlobalSection(SolutionProperties) = preSolution
		HideSolutionNode = FALSE
	EndGlobalSection
	GlobalSection(ExtensibilityGlobals) = postSolution
		SolutionGuid = {08DBBBDE-A9E5-40F1-B857-ABD8435FC47B}
	EndGlobalSection
EndGlobal
