
Microsoft Visual Studio Solution File, Format Version 12.00
Project("{FAE04EC0-301F-11D3-BF4B-00C04F79EFBC}") = "GraphMatchings", "GraphMatchings.csproj", "{611D8A6C-D969-4CE4-940A-A008BA9E1576}"
EndProject
Global
	GlobalSection(SolutionConfigurationPlatforms) = preSolution
		Debug|Any CPU = Debug|Any CPU
		Release|Any CPU = Release|Any CPU
	EndGlobalSection
	GlobalSection(ProjectConfigurationPlatforms) = postSolution
		{611D8A6C-D969-4CE4-940A-A008BA9E1576}.Debug|Any CPU.ActiveCfg = Debug|Any CPU
		{611D8A6C-D969-4CE4-940A-A008BA9E1576}.Debug|Any CPU.Build.0 = Debug|Any CPU
		{611D8A6C-D969-4CE4-940A-A008BA9E1576}.Release|Any CPU.ActiveCfg = Release|Any CPU
		{611D8A6C-D969-4CE4-940A-A008BA9E1576}.Release|Any CPU.Build.0 = Release|Any CPU
	EndGlobalSection
EndGlobal
